github.com/jzelinskie/whirlpool v0.0.0-20201016144138-0675e54bb004 h1:G+9t9cEtnC9jFiTxyptEKuNIAbiN5ZCQzX2a74lj3xg=
github.com/jzelinskie/whirlpool v0.0.0-20201016144138-0675e54bb004/go.mod h1:KmHnJWQrgEvbuy0vcvj00gtMqbvNn1L+3YUZLK/B92c=
github.com/klauspost/cpuid/v2 v2.0.12 h1:p9dKCg8i4gmOxtv35DvrYoWqYzQrvEVdjQ762Y0OqZE=
github.com/klauspost/cpuid/v2 v2.0.12/go.mod h1:g2LTdtYhdyuGPqyWyv7qRAmj1WBqxuObKfj5c0PQa7c=
github.com/reusee/mmh3 v0.0.0-20140820141314-64b85163255b h1:GQkEnyBFqzQXb3RFqGt5z2QcBZJVQxgzXKF/sPCFh7w=
github.com/reusee/mmh3 v0.0.0-20140820141314-64b85163255b/go.mod h1:ADBBIMrt68BC/v967NyoiPZMwPVq44r8QJ5oRyXJHJs=
github.com/zeebo/assert v1.1.0/go.mod h1:Pq9JiuJQpG8JLJdtkwrJESF0Foym2/D9XMU5ciN/wJ0=
github.com/zeebo/blake3 v0.2.3 h1:TFoLXsjeXqRNFxSbk35Dk4YtszE/MQQGK10BH4ptoTg=
github.com/zeebo/blake3 v0.2.3/go.mod h1:mjJjZpnsyIVtVgTOSpJ9vmRE4wgDeyt2HU3qXvvKCaQ=
github.com/zeebo/pcg v1.0.1/go.mod h1:09F0S9iiKrwn9rlI5yjLkmrug154/YRW6KnnXVDM/l4=
golang.org/x/crypto v0.0.0-20220817201139-bc19a97f63c8 h1:GIAS/yBem/gq2MUqgNIzUHW7cJMmx3TGZOrnyYaNQ6c=
golang.org/x/crypto v0.0.0-20220817201139-bc19a97f63c8/go.mod h1:IxCIyHEi3zRg3s0A5j5BB6A9Jmi73HwBIUl50j+osU4=
golang.org/x/sys v0.0.0-20220818161305-2296e01440c6 h1:Sx/u41w+OwrInGdEckYmEuU5gHoGSL4QbDz3S9s6j4U=
golang.org/x/sys v0.0.0-20220818161305-2296e01440c6/go.mod h1:oPkhp1MJrh7nUepCBck5+mAzfO9JrbApNNgaTdGDITg=
simonwaldherr.de/go/golibs v0.14.0 h1:8sTp6ubcnjv8IgrpoQw9wJbbPXCONSnUJwQ+RYxLFtM=
simonwaldherr.de/go/golibs v0.14.0/go.mod h1:sW7x4PAds/r6rLt/THqsZhpFxoq2n6cBb5QtlZ44eVk=
simonwaldherr.de/go/ranger v0.1.4 h1:XYeTZYa5sShWbYmzo6aC96orKaSUpwh68CcMY7PDUac=
simonwaldherr.de/go/ranger v0.1.4/go.mod h1:M12Ibcx9G5mzh/8dXpMhRUmFJJoNXvaiPiJax/d0v8U=
